
Microsoft Visual Studio Solution File, Format Version 12.00
# Visual Studio Version 17
VisualStudioVersion = 17.7.34031.279
MinimumVisualStudioVersion = 10.0.40219.1
Project("{9A19103F-16F7-4668-BE54-9A1E7A4F7556}") = "Andy", "Andy.csproj", "{762BA414-70EA-4BBE-928E-59DB548A04D0}"
EndProject
Project("{FAE04EC0-301F-11D3-BF4B-00C04F79EFBC}") = "RepositoryPatternWithUOW.Core", "..\RepositoryPatternWithUOW.Core\RepositoryPatternWithUOW.Core.csproj", "{D459486F-E914-4388-B2C6-3A7571917FAD}"
EndProject
Project("{FAE04EC0-301F-11D3-BF4B-00C04F79EFBC}") = "RepositoryPatternWithUOW.EF", "..\RepositoryPatternWithUOW.EF\RepositoryPatternWithUOW.EF.csproj", "{DC13105B-4328-4714-8A5A-7B2D18754093}"
EndProject
Global
	GlobalSection(SolutionConfigurationPlatforms) = preSolution
		Debug|Any CPU = Debug|Any CPU
		Release|Any CPU = Release|Any CPU
	EndGlobalSection
	GlobalSection(ProjectConfigurationPlatforms) = postSolution
		{762BA414-70EA-4BBE-928E-59DB548A04D0}.Debug|Any CPU.ActiveCfg = Debug|Any CPU
		{762BA414-70EA-4BBE-928E-59DB548A04D0}.Debug|Any CPU.Build.0 = Debug|Any CPU
		{762BA414-70EA-4BBE-928E-59DB548A04D0}.Release|Any CPU.ActiveCfg = Release|Any CPU
		{762BA414-70EA-4BBE-928E-59DB548A04D0}.Release|Any CPU.Build.0 = Release|Any CPU
		{D459486F-E914-4388-B2C6-3A7571917FAD}.Debug|Any CPU.ActiveCfg = Debug|Any CPU
		{D459486F-E914-4388-B2C6-3A7571917FAD}.Debug|Any CPU.Build.0 = Debug|Any CPU
		{D459486F-E914-4388-B2C6-3A7571917FAD}.Release|Any CPU.ActiveCfg = Release|Any CPU
		{D459486F-E914-4388-B2C6-3A7571917FAD}.Release|Any CPU.Build.0 = Release|Any CPU
		{DC13105B-4328-4714-8A5A-7B2D18754093}.Debug|Any CPU.ActiveCfg = Debug|Any CPU
		{DC13105B-4328-4714-8A5A-7B2D18754093}.Debug|Any CPU.Build.0 = Debug|Any CPU
		{DC13105B-4328-4714-8A5A-7B2D18754093}.Release|Any CPU.ActiveCfg = Release|Any CPU
		{DC13105B-4328-4714-8A5A-7B2D18754093}.Release|Any CPU.Build.0 = Release|Any CPU
	EndGlobalSection
	GlobalSection(SolutionProperties) = preSolution
		HideSolutionNode = FALSE
	EndGlobalSection
	GlobalSection(ExtensibilityGlobals) = postSolution
		SolutionGuid = {860C35BD-04FA-408D-8121-C73C4CC1539F}
	EndGlobalSection
EndGlobal
